// !$*UTF8*$!
{
	archiveVersion = 1;
	classes = {
	};
	objectVersion = 50;
	objects = {

/* Begin PBXBuildFile section */
		874FB6C4243E562C005C9FC3 /* TableViewCell.swift in Sources */ = {isa = PBXBuildFile; fileRef = 874FB6C2243E562C005C9FC3 /* TableViewCell.swift */; };
		874FB6C5243E562C005C9FC3 /* TableViewCell.xib in Resources */ = {isa = PBXBuildFile; fileRef = 874FB6C3243E562C005C9FC3 /* TableViewCell.xib */; };
		87786A3A242C929400DC1005 /* AppDelegate.swift in Sources */ = {isa = PBXBuildFile; fileRef = 87786A39242C929400DC1005 /* AppDelegate.swift */; };
		87786A3C242C929400DC1005 /* SceneDelegate.swift in Sources */ = {isa = PBXBuildFile; fileRef = 87786A3B242C929400DC1005 /* SceneDelegate.swift */; };
		87786A3E242C929400DC1005 /* ViewController.swift in Sources */ = {isa = PBXBuildFile; fileRef = 87786A3D242C929400DC1005 /* ViewController.swift */; };
		87786A41242C929400DC1005 /* Main.storyboard in Resources */ = {isa = PBXBuildFile; fileRef = 87786A3F242C929400DC1005 /* Main.storyboard */; };
		87786A43242C929500DC1005 /* Assets.xcassets in Resources */ = {isa = PBXBuildFile; fileRef = 87786A42242C929500DC1005 /* Assets.xcassets */; };
		87786A46242C929500DC1005 /* LaunchScreen.storyboard in Resources */ = {isa = PBXBuildFile; fileRef = 87786A44242C929500DC1005 /* LaunchScreen.storyboard */; };
		87786A4E242C92DF00DC1005 /* ContainerViewController.swift in Sources */ = {isa = PBXBuildFile; fileRef = 87786A4D242C92DF00DC1005 /* ContainerViewController.swift */; };
/* End PBXBuildFile section */

/* Begin PBXFileReference section */
		874FB6C2243E562C005C9FC3 /* TableViewCell.swift */ = {isa = PBXFileReference; lastKnownFileType = sourcecode.swift; path = TableViewCell.swift; sourceTree = "<group>"; };
		874FB6C3243E562C005C9FC3 /* TableViewCell.xib */ = {isa = PBXFileReference; lastKnownFileType = file.xib; path = TableViewCell.xib; sourceTree = "<group>"; };
		87786A36242C929400DC1005 /* try6.app */ = {isa = PBXFileReference; explicitFileType = wrapper.application; includeInIndex = 0; path = try6.app; sourceTree = BUILT_PRODUCTS_DIR; };
		87786A39242C929400DC1005 /* AppDelegate.swift */ = {isa = PBXFileReference; lastKnownFileType = sourcecode.swift; path = AppDelegate.swift; sourceTree = "<group>"; };
		87786A3B242C929400DC1005 /* SceneDelegate.swift */ = {isa = PBXFileReference; lastKnownFileType = sourcecode.swift; path = SceneDelegate.swift; sourceTree = "<group>"; };
		87786A3D242C929400DC1005 /* ViewController.swift */ = {isa = PBXFileReference; lastKnownFileType = sourcecode.swift; path = ViewController.swift; sourceTree = "<group>"; };
		87786A40242C929400DC1005 /* Base */ = {isa = PBXFileReference; lastKnownFileType = file.storyboard; name = Base; path = Base.lproj/Main.storyboard; sourceTree = "<group>"; };
		87786A42242C929500DC1005 /* Assets.xcassets */ = {isa = PBXFileReference; lastKnownFileType = folder.assetcatalog; path = Assets.xcassets; sourceTree = "<group>"; };
		87786A45242C929500DC1005 /* Base */ = {isa = PBXFileReference; lastKnownFileType = file.storyboard; name = Base; path = Base.lproj/LaunchScreen.storyboard; sourceTree = "<group>"; };
		87786A47242C929500DC1005 /* Info.plist */ = {isa = PBXFileReference; lastKnownFileType = text.plist.xml; path = Info.plist; sourceTree = "<group>"; };
		87786A4D242C92DF00DC1005 /* ContainerViewController.swift */ = {isa = PBXFileReference; lastKnownFileType = sourcecode.swift; path = ContainerViewController.swift; sourceTree = "<group>"; };
/* End PBXFileReference section */

/* Begin PBXFrameworksBuildPhase section */
		87786A33242C929400DC1005 /* Frameworks */ = {
			isa = PBXFrameworksBuildPhase;
			buildActionMask = 2147483647;
			files = (
			);
			runOnlyForDeploymentPostprocessing = 0;
		};
/* End PBXFrameworksBuildPhase section */

/* Begin PBXGroup section */
		87786A2D242C929400DC1005 = {
			isa = PBXGroup;
			children = (
				87786A38242C929400DC1005 /* try6 */,
				87786A37242C929400DC1005 /* Products */,
			);
			sourceTree = "<group>";
		};
		87786A37242C929400DC1005 /* Products */ = {
			isa = PBXGroup;
			children = (
				87786A36242C929400DC1005 /* try6.app */,
			);
			name = Products;
			sourceTree = "<group>";
		};
		87786A38242C929400DC1005 /* try6 */ = {
			isa = PBXGroup;
			children = (
				87786A39242C929400DC1005 /* AppDelegate.swift */,
				87786A3B242C929400DC1005 /* SceneDelegate.swift */,
				87786A3D242C929400DC1005 /* ViewController.swift */,
				874FB6C2243E562C005C9FC3 /* TableViewCell.swift */,
				874FB6C3243E562C005C9FC3 /* TableViewCell.xib */,
				87786A3F242C929400DC1005 /* Main.storyboard */,
				87786A42242C929500DC1005 /* Assets.xcassets */,
				87786A44242C929500DC1005 /* LaunchScreen.storyboard */,
				87786A47242C929500DC1005 /* Info.plist */,
				87786A4D242C92DF00DC1005 /* ContainerViewController.swift */,
			);
			path = try6;
			sourceTree = "<group>";
		};
/* End PBXGroup section */

/* Begin PBXNativeTarget section */
		87786A35242C929400DC1005 /* try6 */ = {
			isa = PBXNativeTarget;
			buildConfigurationList = 87786A4A242C929500DC1005 /* Build configuration list for PBXNativeTarget "try6" */;
			buildPhases = (
				87786A32242C929400DC1005 /* Sources */,
				87786A33242C929400DC1005 /* Frameworks */,
				87786A34242C929400DC1005 /* Resources */,
			);
			buildRules = (
			);
			dependencies = (
			);
			name = try6;
			productName = try6;
			productReference = 87786A36242C929400DC1005 /* try6.app */;
			productType = "com.apple.product-type.application";
		};
/* End PBXNativeTarget section */

/* Begin PBXProject section */
		87786A2E242C929400DC1005 /* Project object */ = {
			isa = PBXProject;
			attributes = {
				LastSwiftUpdateCheck = 1130;
				LastUpgradeCheck = 1130;
				ORGANIZATIONNAME = "Eduardo Rodríguez Pérez";
				TargetAttributes = {
					87786A35242C929400DC1005 = {
						CreatedOnToolsVersion = 11.3.1;
					};
				};
			};
			buildConfigurationList = 87786A31242C929400DC1005 /* Build configuration list for PBXProject "try6" */;
			compatibilityVersion = "Xcode 9.3";
			developmentRegion = en;
			hasScannedForEncodings = 0;
			knownRegions = (
				en,
				Base,
			);
			mainGroup = 87786A2D242C929400DC1005;
			productRefGroup = 87786A37242C929400DC1005 /* Products */;
			projectDirPath = "";
			projectRoot = "";
			targets = (
				87786A35242C929400DC1005 /* try6 */,
			);
		};
/* End PBXProject section */

/* Begin PBXResourcesBuildPhase section */
		87786A34242C929400DC1005 /* Resources */ = {
			isa = PBXResourcesBuildPhase;
			buildActionMask = 2147483647;
			files = (
				87786A46242C929500DC1005 /* LaunchScreen.storyboard in Resources */,
				874FB6C5243E562C005C9FC3 /* TableViewCell.xib in Resources */,
				87786A43242C929500DC1005 /* Assets.xcassets in Resources */,
				87786A41242C929400DC1005 /* Main.storyboard in Resources */,
			);
			runOnlyForDeploymentPostprocessing = 0;
		};
/* End PBXResourcesBuildPhase section */

/* Begin PBXSourcesBuildPhase section */
		87786A32242C929400DC1005 /* Sources */ = {
			isa = PBXSourcesBuildPhase;
			buildActionMask = 2147483647;
			files = (
				874FB6C4243E562C005C9FC3 /* TableViewCell.swift in Sources */,
				87786A3E242C929400DC1005 /* ViewController.swift in Sources */,
				87786A3A242C929400DC1005 /* AppDelegate.swift in Sources */,
				87786A4E242C92DF00DC1005 /* ContainerViewController.swift in Sources */,
				87786A3C242C929400DC1005 /* SceneDelegate.swift in Sources */,
			);
			runOnlyForDeploymentPostprocessing = 0;
		};
/* End PBXSourcesBuildPhase section */

/* Begin PBXVariantGroup section */
		87786A3F242C929400DC1005 /* Main.storyboard */ = {
			isa = PBXVariantGroup;
			children = (
				87786A40242C929400DC1005 /* Base */,
			);
			name = Main.storyboard;
			sourceTree = "<group>";
		};
		87786A44242C929500DC1005 /* LaunchScreen.storyboard */ = {
			isa = PBXVariantGroup;
			children = (
				87786A45242C929500DC1005 /* Base */,
			);
			name = LaunchScreen.storyboard;
			sourceTree = "<group>";
		};
/* End PBXVariantGroup section */

/* Begin XCBuildConfiguration section */
		87786A48242C929500DC1005 /* Debug */ = {
			isa = XCBuildConfiguration;
			buildSettings = {
				ALWAYS_SEARCH_USER_PATHS = NO;
				CLANG_ANALYZER_NONNULL = YES;
				CLANG_ANALYZER_NUMBER_OBJECT_CONVERSION = YES_AGGRESSIVE;
				CLANG_CXX_LANGUAGE_STANDARD = "gnu++14";
				CLANG_CXX_LIBRARY = "libc++";
				CLANG_ENABLE_MODULES = YES;
				CLANG_ENABLE_OBJC_ARC = YES;
				CLANG_ENABLE_OBJC_WEAK = YES;
				CLANG_WARN_BLOCK_CAPTURE_AUTORELEASING = YES;
				CLANG_WARN_BOOL_CONVERSION = YES;
				CLANG_WARN_COMMA = YES;
				CLANG_WARN_CONSTANT_CONVERSION = YES;
				CLANG_WARN_DEPRECATED_OBJC_IMPLEMENTATIONS = YES;
				CLANG_WARN_DIRECT_OBJC_ISA_USAGE = YES_ERROR;
				CLANG_WARN_DOCUMENTATION_COMMENTS = YES;
				CLANG_WARN_EMPTY_BODY = YES;
				CLANG_WARN_ENUM_CONVERSION = YES;
				CLANG_WARN_INFINITE_RECURSION = YES;
				CLANG_WARN_INT_CONVERSION = YES;
				CLANG_WARN_NON_LITERAL_NULL_CONVERSION = YES;
				CLANG_WARN_OBJC_IMPLICIT_RETAIN_SELF = YES;
				CLANG_WARN_OBJC_LITERAL_CONVERSION = YES;
				CLANG_WARN_OBJC_ROOT_CLASS = YES_ERROR;
				CLANG_WARN_RANGE_LOOP_ANALYSIS = YES;
				CLANG_WARN_STRICT_PROTOTYPES = YES;
				CLANG_WARN_SUSPICIOUS_MOVE = YES;
				CLANG_WARN_UNGUARDED_AVAILABILITY = YES_AGGRESSIVE;
				CLANG_WARN_UNREACHABLE_CODE = YES;
				CLANG_WARN__DUPLICATE_METHOD_MATCH = YES;
				COPY_PHASE_STRIP = NO;
				DEBUG_INFORMATION_FORMAT = dwarf;
				ENABLE_STRICT_OBJC_MSGSEND = YES;
				ENABLE_TESTABILITY = YES;
				GCC_C_LANGUAGE_STANDARD = gnu11;
				GCC_DYNAMIC_NO_PIC = NO;
				GCC_NO_COMMON_BLOCKS = YES;
				GCC_OPTIMIZATION_LEVEL = 0;
				GCC_PREPROCESSOR_DEFINITIONS = (
					"DEBUG=1",
					"$(inherited)",
				);
				GCC_WARN_64_TO_32_BIT_CONVERSION = YES;
				GCC_WARN_ABOUT_RETURN_TYPE = YES_ERROR;
				GCC_WARN_UNDECLARED_SELECTOR = YES;
				GCC_WARN_UNINITIALIZED_AUTOS = YES_AGGRESSIVE;
				GCC_WARN_UNUSED_FUNCTION = YES;
				GCC_WARN_UNUSED_VARIABLE = YES;
				IPHONEOS_DEPLOYMENT_TARGET = 13.2;
				MTL_ENABLE_DEBUG_INFO = INCLUDE_SOURCE;
				MTL_FAST_MATH = YES;
				ONLY_ACTIVE_ARCH = YES;
				SDKROOT = iphoneos;
				SWIFT_ACTIVE_COMPILATION_CONDITIONS = DEBUG;
				SWIFT_OPTIMIZATION_LEVEL = "-Onone";
			};
			name = Debug;
		};
		87786A49242C929500DC1005 /* Release */ = {
			isa = XCBuildConfiguration;
			buildSettings = {
				ALWAYS_SEARCH_USER_PATHS = NO;
				CLANG_ANALYZER_NONNULL = YES;
				CLANG_ANALYZER_NUMBER_OBJECT_CONVERSION = YES_AGGRESSIVE;
				CLANG_CXX_LANGUAGE_STANDARD = "gnu++14";
				CLANG_CXX_LIBRARY = "libc++";
				CLANG_ENABLE_MODULES = YES;
				CLANG_ENABLE_OBJC_ARC = YES;
				CLANG_ENABLE_OBJC_WEAK = YES;
				CLANG_WARN_BLOCK_CAPTURE_AUTORELEASING = YES;
				CLANG_WARN_BOOL_CONVERSION = YES;
				CLANG_WARN_COMMA = YES;
				CLANG_WARN_CONSTANT_CONVERSION = YES;
				CLANG_WARN_DEPRECATED_OBJC_IMPLEMENTATIONS = YES;
				CLANG_WARN_DIRECT_OBJC_ISA_USAGE = YES_ERROR;
				CLANG_WARN_DOCUMENTATION_COMMENTS = YES;
				CLANG_WARN_EMPTY_BODY = YES;
				CLANG_WARN_ENUM_CONVERSION = YES;
				CLANG_WARN_INFINITE_RECURSION = YES;
				CLANG_WARN_INT_CONVERSION = YES;
				CLANG_WARN_NON_LITERAL_NULL_CONVERSION = YES;
				CLANG_WARN_OBJC_IMPLICIT_RETAIN_SELF = YES;
				CLANG_WARN_OBJC_LITERAL_CONVERSION = YES;
				CLANG_WARN_OBJC_ROOT_CLASS = YES_ERROR;
				CLANG_WARN_RANGE_LOOP_ANALYSIS = YES;
				CLANG_WARN_STRICT_PROTOTYPES = YES;
				CLANG_WARN_SUSPICIOUS_MOVE = YES;
				CLANG_WARN_UNGUARDED_AVAILABILITY = YES_AGGRESSIVE;
				CLANG_WARN_UNREACHABLE_CODE = YES;
				CLANG_WARN__DUPLICATE_METHOD_MATCH = YES;
				COPY_PHASE_STRIP = NO;
				DEBUG_INFORMATION_FORMAT = "dwarf-with-dsym";
				ENABLE_NS_ASSERTIONS = NO;
				ENABLE_STRICT_OBJC_MSGSEND = YES;
				GCC_C_LANGUAGE_STANDARD = gnu11;
				GCC_NO_COMMON_BLOCKS = YES;
				GCC_WARN_64_TO_32_BIT_CONVERSION = YES;
				GCC_WARN_ABOUT_RETURN_TYPE = YES_ERROR;
				GCC_WARN_UNDECLARED_SELECTOR = YES;
				GCC_WARN_UNINITIALIZED_AUTOS = YES_AGGRESSIVE;
				GCC_WARN_UNUSED_FUNCTION = YES;
				GCC_WARN_UNUSED_VARIABLE = YES;
				IPHONEOS_DEPLOYMENT_TARGET = 13.2;
				MTL_ENABLE_DEBUG_INFO = NO;
				MTL_FAST_MATH = YES;
				SDKROOT = iphoneos;
				SWIFT_COMPILATION_MODE = wholemodule;
				SWIFT_OPTIMIZATION_LEVEL = "-O";
				VALIDATE_PRODUCT = YES;
			};
			name = Release;
		};
		87786A4B242C929500DC1005 /* Debug */ = {
			isa = XCBuildConfiguration;
			buildSettings = {
				ASSETCATALOG_COMPILER_APPICON_NAME = AppIcon;
				CODE_SIGN_STYLE = Automatic;
				DEVELOPMENT_TEAM = RQT83D9L27;
				INFOPLIST_FILE = try6/Info.plist;
				LD_RUNPATH_SEARCH_PATHS = (
					"$(inherited)",
					"@executable_path/Frameworks",
				);
				PRODUCT_BUNDLE_IDENTIFIER = com.EduardoRdoriguezPerez.try6;
				PRODUCT_NAME = "$(TARGET_NAME)";
				SWIFT_VERSION = 5.0;
				TARGETED_DEVICE_FAMILY = "1,2";
			};
			name = Debug;
		};
		87786A4C242C929500DC1005 /* Release */ = {
			isa = XCBuildConfiguration;
			buildSettings = {
				ASSETCATALOG_COMPILER_APPICON_NAME = AppIcon;
				CODE_SIGN_STYLE = Automatic;
				DEVELOPMENT_TEAM = RQT83D9L27;
				INFOPLIST_FILE = try6/Info.plist;
				LD_RUNPATH_SEARCH_PATHS = (
					"$(inherited)",
					"@executable_path/Frameworks",
				);
				PRODUCT_BUNDLE_IDENTIFIER = com.EduardoRdoriguezPerez.try6;
				PRODUCT_NAME = "$(TARGET_NAME)";
				SWIFT_VERSION = 5.0;
				TARGETED_DEVICE_FAMILY = "1,2";
			};
			name = Release;
		};
/* End XCBuildConfiguration section */

/* Begin XCConfigurationList section */
		87786A31242C929400DC1005 /* Build configuration list for PBXProject "try6" */ = {
			isa = XCConfigurationList;
			buildConfigurations = (
				87786A48242C929500DC1005 /* Debug */,
				87786A49242C929500DC1005 /* Release */,
			);
			defaultConfigurationIsVisible = 0;
			defaultConfigurationName = Release;
		};
		87786A4A242C929500DC1005 /* Build configuration list for PBXNativeTarget "try6" */ = {
			isa = XCConfigurationList;
			buildConfigurations = (
				87786A4B242C929500DC1005 /* Debug */,
				87786A4C242C929500DC1005 /* Release */,
			);
			defaultConfigurationIsVisible = 0;
			defaultConfigurationName = Release;
		};
/* End XCConfigurationList section */
	};
	rootObject = 87786A2E242C929400DC1005 /* Project object */;
}
